
Microsoft Visual Studio Solution File, Format Version 12.00
# Visual Studio Version 17
VisualStudioVersion = 17.5.33530.505
MinimumVisualStudioVersion = 10.0.40219.1
Project("{FAE04EC0-301F-11D3-BF4B-00C04F79EFBC}") = "PteroController", "PteroController.csproj", "{76055AC8-F320-4B68-8A17-75F82D90A2E2}"
EndProject
Global
	GlobalSection(SolutionConfigurationPlatforms) = preSolution
		Debug|Any CPU = Debug|Any CPU
		Debug|x64 = Debug|x64
		Deploy|Any CPU = Deploy|Any CPU
		Deploy|x64 = Deploy|x64
		Release|Any CPU = Release|Any CPU
		Release|x64 = Release|x64
	EndGlobalSection
	GlobalSection(ProjectConfigurationPlatforms) = postSolution
		{76055AC8-F320-4B68-8A17-75F82D90A2E2}.Debug|Any CPU.ActiveCfg = Debug|Any CPU
		{76055AC8-F320-4B68-8A17-75F82D90A2E2}.Debug|Any CPU.Build.0 = Debug|Any CPU
		{76055AC8-F320-4B68-8A17-75F82D90A2E2}.Debug|x64.ActiveCfg = Debug|x64
		{76055AC8-F320-4B68-8A17-75F82D90A2E2}.Debug|x64.Build.0 = Debug|x64
		{76055AC8-F320-4B68-8A17-75F82D90A2E2}.Deploy|Any CPU.ActiveCfg = Deploy|Any CPU
		{76055AC8-F320-4B68-8A17-75F82D90A2E2}.Deploy|Any CPU.Build.0 = Deploy|Any CPU
		{76055AC8-F320-4B68-8A17-75F82D90A2E2}.Deploy|x64.ActiveCfg = Deploy|x64
		{76055AC8-F320-4B68-8A17-75F82D90A2E2}.Deploy|x64.Build.0 = Deploy|x64
		{76055AC8-F320-4B68-8A17-75F82D90A2E2}.Release|Any CPU.ActiveCfg = Release|Any CPU
		{76055AC8-F320-4B68-8A17-75F82D90A2E2}.Release|Any CPU.Build.0 = Release|Any CPU
		{76055AC8-F320-4B68-8A17-75F82D90A2E2}.Release|x64.ActiveCfg = Release|x64
		{76055AC8-F320-4B68-8A17-75F82D90A2E2}.Release|x64.Build.0 = Release|x64
	EndGlobalSection
	GlobalSection(SolutionProperties) = preSolution
		HideSolutionNode = FALSE
	EndGlobalSection
	GlobalSection(ExtensibilityGlobals) = postSolution
		SolutionGuid = {B57160B1-A562-4F80-A93E-367EA9C49D26}
	EndGlobalSection
EndGlobal
